
Microsoft Visual Studio Solution File, Format Version 12.00
# Visual Studio Version 17
VisualStudioVersion = 17.5.33502.453
MinimumVisualStudioVersion = 10.0.40219.1
Project("{FAE04EC0-301F-11D3-BF4B-00C04F79EFBC}") = "To-Do List Tracker", "To-Do List Tracker.csproj", "{E65E4393-30FA-46A7-B618-6B010A1966BE}"
EndProject
Global
	GlobalSection(SolutionConfigurationPlatforms) = preSolution
		Debug|Any CPU = Debug|Any CPU
		Release|Any CPU = Release|Any CPU
	EndGlobalSection
	GlobalSection(ProjectConfigurationPlatforms) = postSolution
		{E65E4393-30FA-46A7-B618-6B010A1966BE}.Debug|Any CPU.ActiveCfg = Debug|Any CPU
		{E65E4393-30FA-46A7-B618-6B010A1966BE}.Debug|Any CPU.Build.0 = Debug|Any CPU
		{E65E4393-30FA-46A7-B618-6B010A1966BE}.Release|Any CPU.ActiveCfg = Release|Any CPU
		{E65E4393-30FA-46A7-B618-6B010A1966BE}.Release|Any CPU.Build.0 = Release|Any CPU
	EndGlobalSection
	GlobalSection(SolutionProperties) = preSolution
		HideSolutionNode = FALSE
	EndGlobalSection
	GlobalSection(ExtensibilityGlobals) = postSolution
		SolutionGuid = {93DE5FAA-7FAD-4D6E-9CFC-0F7058541ED7}
	EndGlobalSection
EndGlobal
